
Microsoft Visual Studio Solution File, Format Version 12.00
# Visual Studio Version 17
VisualStudioVersion = 17.3.32929.385
MinimumVisualStudioVersion = 10.0.40219.1
Project("{9A19103F-16F7-4668-BE54-9A1E7A4F7556}") = "DataCompress.Benchmark", "DataCompress.Benchmark\DataCompress.Benchmark.csproj", "{621CA6F6-B740-40D5-9F01-8FB704994182}"
EndProject
Project("{9A19103F-16F7-4668-BE54-9A1E7A4F7556}") = "DataCompress.Service", "DataCompress.Service\DataCompress.Service.csproj", "{FC5C3151-7F94-438B-A918-9C6FD1ED8627}"
EndProject
Global
	GlobalSection(SolutionConfigurationPlatforms) = preSolution
		Debug|Any CPU = Debug|Any CPU
		Release|Any CPU = Release|Any CPU
	EndGlobalSection
	GlobalSection(ProjectConfigurationPlatforms) = postSolution
		{621CA6F6-B740-40D5-9F01-8FB704994182}.Debug|Any CPU.ActiveCfg = Debug|Any CPU
		{621CA6F6-B740-40D5-9F01-8FB704994182}.Debug|Any CPU.Build.0 = Debug|Any CPU
		{621CA6F6-B740-40D5-9F01-8FB704994182}.Release|Any CPU.ActiveCfg = Release|Any CPU
		{621CA6F6-B740-40D5-9F01-8FB704994182}.Release|Any CPU.Build.0 = Release|Any CPU
		{FC5C3151-7F94-438B-A918-9C6FD1ED8627}.Debug|Any CPU.ActiveCfg = Debug|Any CPU
		{FC5C3151-7F94-438B-A918-9C6FD1ED8627}.Debug|Any CPU.Build.0 = Debug|Any CPU
		{FC5C3151-7F94-438B-A918-9C6FD1ED8627}.Release|Any CPU.ActiveCfg = Release|Any CPU
		{FC5C3151-7F94-438B-A918-9C6FD1ED8627}.Release|Any CPU.Build.0 = Release|Any CPU
	EndGlobalSection
	GlobalSection(SolutionProperties) = preSolution
		HideSolutionNode = FALSE
	EndGlobalSection
	GlobalSection(ExtensibilityGlobals) = postSolution
		SolutionGuid = {0EB9741F-E823-4E29-9A80-33ACFFA86D18}
	EndGlobalSection
EndGlobal
